
Microsoft Visual Studio Solution File, Format Version 12.00
# Visual Studio Version 17
VisualStudioVersion = 17.9.34616.47
MinimumVisualStudioVersion = 10.0.40219.1
Project("{FAE04EC0-301F-11D3-BF4B-00C04F79EFBC}") = "Zajecia2", "Zajecia2.csproj", "{B9AA20F3-DA64-40E0-AFC7-836C7973A018}"
EndProject
Global
	GlobalSection(SolutionConfigurationPlatforms) = preSolution
		Debug|Any CPU = Debug|Any CPU
		Release|Any CPU = Release|Any CPU
	EndGlobalSection
	GlobalSection(ProjectConfigurationPlatforms) = postSolution
		{B9AA20F3-DA64-40E0-AFC7-836C7973A018}.Debug|Any CPU.ActiveCfg = Debug|Any CPU
		{B9AA20F3-DA64-40E0-AFC7-836C7973A018}.Debug|Any CPU.Build.0 = Debug|Any CPU
		{B9AA20F3-DA64-40E0-AFC7-836C7973A018}.Release|Any CPU.ActiveCfg = Release|Any CPU
		{B9AA20F3-DA64-40E0-AFC7-836C7973A018}.Release|Any CPU.Build.0 = Release|Any CPU
	EndGlobalSection
	GlobalSection(SolutionProperties) = preSolution
		HideSolutionNode = FALSE
	EndGlobalSection
	GlobalSection(ExtensibilityGlobals) = postSolution
		SolutionGuid = {30CA9374-9142-4721-864C-2509D7E6360D}
	EndGlobalSection
EndGlobal
